
Microsoft Visual Studio Solution File, Format Version 12.00
# Visual Studio Version 17
VisualStudioVersion = 17.14.36623.8
MinimumVisualStudioVersion = 10.0.40219.1
Project("{2150E333-8FDC-42A3-9474-1A3956D46DE8}") = "Services", "Services", "{02EA681E-C7D8-13C7-8484-4AC65E1B71E8}"
EndProject
Project("{2150E333-8FDC-42A3-9474-1A3956D46DE8}") = "Submission", "Submission", "{EEA7686E-74E5-41B8-9E17-3536F6678F77}"
EndProject
Project("{FAE04EC0-301F-11D3-BF4B-00C04F79EFBC}") = "Submission.API", "services\Submission\Submission.API\Submission.API.csproj", "{DB55BA0B-BC79-431E-AAAB-C616F65CB3B5}"
EndProject
Project("{FAE04EC0-301F-11D3-BF4B-00C04F79EFBC}") = "Submission.Application", "services\Submission\Submission.Application\Submission.Application.csproj", "{6C816062-0FFB-48EE-B7C1-E39C4D9D62C8}"
EndProject
Project("{FAE04EC0-301F-11D3-BF4B-00C04F79EFBC}") = "Submission.Persistence", "services\Submission\Submission.Persistence\Submission.Persistence.csproj", "{A0EEF755-4243-4BDC-98C9-0CF55E0F4E20}"
EndProject
Project("{FAE04EC0-301F-11D3-BF4B-00C04F79EFBC}") = "Submission.Domain", "services\Submission\Submission.Domain\Submission.Domain.csproj", "{2B3A2B32-652F-442E-A294-7A91A6E81B18}"
EndProject
Project("{2150E333-8FDC-42A3-9474-1A3956D46DE8}") = "BuildingBlocks", "BuildingBlocks", "{40AEA9B2-FCE0-422B-9EBF-AAFBB1845C98}"
EndProject
Project("{FAE04EC0-301F-11D3-BF4B-00C04F79EFBC}") = "Articles.Abstractions", "BuildingBlocks\Articles.Abstractions\Articles.Abstractions.csproj", "{998AB5DD-EEBA-47AE-B572-AF62F5073179}"
EndProject
Project("{FAE04EC0-301F-11D3-BF4B-00C04F79EFBC}") = "Blocks.EntityFramework", "BuildingBlocks\Blocks.EntityFramework\Blocks.EntityFramework.csproj", "{6DBC16CF-FB49-4AD2-A12F-10505B3CCAB3}"
EndProject
Project("{FAE04EC0-301F-11D3-BF4B-00C04F79EFBC}") = "Blocks.Domain", "BuildingBlocks\Blocks.Domain\Blocks.Domain.csproj", "{A33DB3F5-323D-4505-8378-D0020A158771}"
EndProject
Project("{FAE04EC0-301F-11D3-BF4B-00C04F79EFBC}") = "Blocks.MediatR", "BuildingBlocks\Blocks.MediatR\Blocks.MediatR.csproj", "{67D788A9-3A0B-424E-B48C-5EC1E9DD9960}"
EndProject
Project("{FAE04EC0-301F-11D3-BF4B-00C04F79EFBC}") = "Blocks.Exceptions", "BuildingBlocks\Blocks.Exceptions\Blocks.Exceptions.csproj", "{C30A1C72-89DF-4FDB-BF2D-5005EB1A7A9E}"
EndProject
Project("{FAE04EC0-301F-11D3-BF4B-00C04F79EFBC}") = "Blocks.Core", "BuildingBlocks\Blocks.Core\Blocks.Core.csproj", "{D36CA688-6631-45BF-A7AA-C0F886A0D483}"
EndProject
Project("{FAE04EC0-301F-11D3-BF4B-00C04F79EFBC}") = "Articles.Security", "BuildingBlocks\Articles.Security\Articles.Security.csproj", "{3F1FD1CD-610B-4D93-979C-8534E231B74E}"
EndProject
Project("{2150E333-8FDC-42A3-9474-1A3956D46DE8}") = "Modules", "Modules", "{3AD819E3-6891-4719-8D7D-F4B430D8DF04}"
EndProject
Project("{2150E333-8FDC-42A3-9474-1A3956D46DE8}") = "FileStorage", "FileStorage", "{A36F7FE4-F74A-4F8D-9765-A5C374B15449}"
EndProject
Project("{FAE04EC0-301F-11D3-BF4B-00C04F79EFBC}") = "FileStorage.Contracts", "Modules\FileStorage.Contracts\FileStorage.Contracts.csproj", "{45D330D0-F520-4D23-BF89-1D2EFDFDC978}"
EndProject
Project("{FAE04EC0-301F-11D3-BF4B-00C04F79EFBC}") = "FileStorage.MongoGridFS", "Modules\FileStorage.MongoGridFS\FileStorage.MongoGridFS.csproj", "{0435475A-55F7-4D26-BCEE-15E699F9D304}"
EndProject
Project("{2150E333-8FDC-42A3-9474-1A3956D46DE8}") = "Auth", "Auth", "{30660DD1-A15D-4B78-84DC-7C23D5DCB004}"
EndProject
Project("{FAE04EC0-301F-11D3-BF4B-00C04F79EFBC}") = "Auth.API", "services\Auth\Auth.API\Auth.API.csproj", "{A308A8D3-FD38-4C20-AFE3-5A44F44265F6}"
EndProject
Project("{FAE04EC0-301F-11D3-BF4B-00C04F79EFBC}") = "Auth.Application", "services\Auth\Auth.Application\Auth.Application.csproj", "{AE8107FC-1586-49C0-8A02-716BBC9B9D7E}"
EndProject
Project("{FAE04EC0-301F-11D3-BF4B-00C04F79EFBC}") = "Auth.Domain", "services\Auth\Auth.Domain\Auth.Domain.csproj", "{49450FF8-D92E-4ACC-93F1-E49B3BAEEF61}"
EndProject
Project("{FAE04EC0-301F-11D3-BF4B-00C04F79EFBC}") = "Auth.Persistence", "services\Auth\Auth.Persistence\Auth.Persistence.csproj", "{BA5651A9-933F-45AD-9BCB-7CEFE4063A25}"
EndProject
Global
	GlobalSection(SolutionConfigurationPlatforms) = preSolution
		Debug|Any CPU = Debug|Any CPU
		Release|Any CPU = Release|Any CPU
	EndGlobalSection
	GlobalSection(ProjectConfigurationPlatforms) = postSolution
		{DB55BA0B-BC79-431E-AAAB-C616F65CB3B5}.Debug|Any CPU.ActiveCfg = Debug|Any CPU
		{DB55BA0B-BC79-431E-AAAB-C616F65CB3B5}.Debug|Any CPU.Build.0 = Debug|Any CPU
		{DB55BA0B-BC79-431E-AAAB-C616F65CB3B5}.Release|Any CPU.ActiveCfg = Release|Any CPU
		{DB55BA0B-BC79-431E-AAAB-C616F65CB3B5}.Release|Any CPU.Build.0 = Release|Any CPU
		{6C816062-0FFB-48EE-B7C1-E39C4D9D62C8}.Debug|Any CPU.ActiveCfg = Debug|Any CPU
		{6C816062-0FFB-48EE-B7C1-E39C4D9D62C8}.Debug|Any CPU.Build.0 = Debug|Any CPU
		{6C816062-0FFB-48EE-B7C1-E39C4D9D62C8}.Release|Any CPU.ActiveCfg = Release|Any CPU
		{6C816062-0FFB-48EE-B7C1-E39C4D9D62C8}.Release|Any CPU.Build.0 = Release|Any CPU
		{A0EEF755-4243-4BDC-98C9-0CF55E0F4E20}.Debug|Any CPU.ActiveCfg = Debug|Any CPU
		{A0EEF755-4243-4BDC-98C9-0CF55E0F4E20}.Debug|Any CPU.Build.0 = Debug|Any CPU
		{A0EEF755-4243-4BDC-98C9-0CF55E0F4E20}.Release|Any CPU.ActiveCfg = Release|Any CPU
		{A0EEF755-4243-4BDC-98C9-0CF55E0F4E20}.Release|Any CPU.Build.0 = Release|Any CPU
		{2B3A2B32-652F-442E-A294-7A91A6E81B18}.Debug|Any CPU.ActiveCfg = Debug|Any CPU
		{2B3A2B32-652F-442E-A294-7A91A6E81B18}.Debug|Any CPU.Build.0 = Debug|Any CPU
		{2B3A2B32-652F-442E-A294-7A91A6E81B18}.Release|Any CPU.ActiveCfg = Release|Any CPU
		{2B3A2B32-652F-442E-A294-7A91A6E81B18}.Release|Any CPU.Build.0 = Release|Any CPU
		{998AB5DD-EEBA-47AE-B572-AF62F5073179}.Debug|Any CPU.ActiveCfg = Debug|Any CPU
		{998AB5DD-EEBA-47AE-B572-AF62F5073179}.Debug|Any CPU.Build.0 = Debug|Any CPU
		{998AB5DD-EEBA-47AE-B572-AF62F5073179}.Release|Any CPU.ActiveCfg = Release|Any CPU
		{998AB5DD-EEBA-47AE-B572-AF62F5073179}.Release|Any CPU.Build.0 = Release|Any CPU
		{6DBC16CF-FB49-4AD2-A12F-10505B3CCAB3}.Debug|Any CPU.ActiveCfg = Debug|Any CPU
		{6DBC16CF-FB49-4AD2-A12F-10505B3CCAB3}.Debug|Any CPU.Build.0 = Debug|Any CPU
		{6DBC16CF-FB49-4AD2-A12F-10505B3CCAB3}.Release|Any CPU.ActiveCfg = Release|Any CPU
		{6DBC16CF-FB49-4AD2-A12F-10505B3CCAB3}.Release|Any CPU.Build.0 = Release|Any CPU
		{A33DB3F5-323D-4505-8378-D0020A158771}.Debug|Any CPU.ActiveCfg = Debug|Any CPU
		{A33DB3F5-323D-4505-8378-D0020A158771}.Debug|Any CPU.Build.0 = Debug|Any CPU
		{A33DB3F5-323D-4505-8378-D0020A158771}.Release|Any CPU.ActiveCfg = Release|Any CPU
		{A33DB3F5-323D-4505-8378-D0020A158771}.Release|Any CPU.Build.0 = Release|Any CPU
		{67D788A9-3A0B-424E-B48C-5EC1E9DD9960}.Debug|Any CPU.ActiveCfg = Debug|Any CPU
		{67D788A9-3A0B-424E-B48C-5EC1E9DD9960}.Debug|Any CPU.Build.0 = Debug|Any CPU
		{67D788A9-3A0B-424E-B48C-5EC1E9DD9960}.Release|Any CPU.ActiveCfg = Release|Any CPU
		{67D788A9-3A0B-424E-B48C-5EC1E9DD9960}.Release|Any CPU.Build.0 = Release|Any CPU
		{C30A1C72-89DF-4FDB-BF2D-5005EB1A7A9E}.Debug|Any CPU.ActiveCfg = Debug|Any CPU
		{C30A1C72-89DF-4FDB-BF2D-5005EB1A7A9E}.Debug|Any CPU.Build.0 = Debug|Any CPU
		{C30A1C72-89DF-4FDB-BF2D-5005EB1A7A9E}.Release|Any CPU.ActiveCfg = Release|Any CPU
		{C30A1C72-89DF-4FDB-BF2D-5005EB1A7A9E}.Release|Any CPU.Build.0 = Release|Any CPU
		{D36CA688-6631-45BF-A7AA-C0F886A0D483}.Debug|Any CPU.ActiveCfg = Debug|Any CPU
		{D36CA688-6631-45BF-A7AA-C0F886A0D483}.Debug|Any CPU.Build.0 = Debug|Any CPU
		{D36CA688-6631-45BF-A7AA-C0F886A0D483}.Release|Any CPU.ActiveCfg = Release|Any CPU
		{D36CA688-6631-45BF-A7AA-C0F886A0D483}.Release|Any CPU.Build.0 = Release|Any CPU
		{3F1FD1CD-610B-4D93-979C-8534E231B74E}.Debug|Any CPU.ActiveCfg = Debug|Any CPU
		{3F1FD1CD-610B-4D93-979C-8534E231B74E}.Debug|Any CPU.Build.0 = Debug|Any CPU
		{3F1FD1CD-610B-4D93-979C-8534E231B74E}.Release|Any CPU.ActiveCfg = Release|Any CPU
		{3F1FD1CD-610B-4D93-979C-8534E231B74E}.Release|Any CPU.Build.0 = Release|Any CPU
		{45D330D0-F520-4D23-BF89-1D2EFDFDC978}.Debug|Any CPU.ActiveCfg = Debug|Any CPU
		{45D330D0-F520-4D23-BF89-1D2EFDFDC978}.Debug|Any CPU.Build.0 = Debug|Any CPU
		{45D330D0-F520-4D23-BF89-1D2EFDFDC978}.Release|Any CPU.ActiveCfg = Release|Any CPU
		{45D330D0-F520-4D23-BF89-1D2EFDFDC978}.Release|Any CPU.Build.0 = Release|Any CPU
		{0435475A-55F7-4D26-BCEE-15E699F9D304}.Debug|Any CPU.ActiveCfg = Debug|Any CPU
		{0435475A-55F7-4D26-BCEE-15E699F9D304}.Debug|Any CPU.Build.0 = Debug|Any CPU
		{0435475A-55F7-4D26-BCEE-15E699F9D304}.Release|Any CPU.ActiveCfg = Release|Any CPU
		{0435475A-55F7-4D26-BCEE-15E699F9D304}.Release|Any CPU.Build.0 = Release|Any CPU
		{A308A8D3-FD38-4C20-AFE3-5A44F44265F6}.Debug|Any CPU.ActiveCfg = Debug|Any CPU
		{A308A8D3-FD38-4C20-AFE3-5A44F44265F6}.Debug|Any CPU.Build.0 = Debug|Any CPU
		{A308A8D3-FD38-4C20-AFE3-5A44F44265F6}.Release|Any CPU.ActiveCfg = Release|Any CPU
		{A308A8D3-FD38-4C20-AFE3-5A44F44265F6}.Release|Any CPU.Build.0 = Release|Any CPU
		{AE8107FC-1586-49C0-8A02-716BBC9B9D7E}.Debug|Any CPU.ActiveCfg = Debug|Any CPU
		{AE8107FC-1586-49C0-8A02-716BBC9B9D7E}.Debug|Any CPU.Build.0 = Debug|Any CPU
		{AE8107FC-1586-49C0-8A02-716BBC9B9D7E}.Release|Any CPU.ActiveCfg = Release|Any CPU
		{AE8107FC-1586-49C0-8A02-716BBC9B9D7E}.Release|Any CPU.Build.0 = Release|Any CPU
		{49450FF8-D92E-4ACC-93F1-E49B3BAEEF61}.Debug|Any CPU.ActiveCfg = Debug|Any CPU
		{49450FF8-D92E-4ACC-93F1-E49B3BAEEF61}.Debug|Any CPU.Build.0 = Debug|Any CPU
		{49450FF8-D92E-4ACC-93F1-E49B3BAEEF61}.Release|Any CPU.ActiveCfg = Release|Any CPU
		{49450FF8-D92E-4ACC-93F1-E49B3BAEEF61}.Release|Any CPU.Build.0 = Release|Any CPU
		{BA5651A9-933F-45AD-9BCB-7CEFE4063A25}.Debug|Any CPU.ActiveCfg = Debug|Any CPU
		{BA5651A9-933F-45AD-9BCB-7CEFE4063A25}.Debug|Any CPU.Build.0 = Debug|Any CPU
		{BA5651A9-933F-45AD-9BCB-7CEFE4063A25}.Release|Any CPU.ActiveCfg = Release|Any CPU
		{BA5651A9-933F-45AD-9BCB-7CEFE4063A25}.Release|Any CPU.Build.0 = Release|Any CPU
	EndGlobalSection
	GlobalSection(SolutionProperties) = preSolution
		HideSolutionNode = FALSE
	EndGlobalSection
	GlobalSection(NestedProjects) = preSolution
		{EEA7686E-74E5-41B8-9E17-3536F6678F77} = {02EA681E-C7D8-13C7-8484-4AC65E1B71E8}
		{DB55BA0B-BC79-431E-AAAB-C616F65CB3B5} = {EEA7686E-74E5-41B8-9E17-3536F6678F77}
		{6C816062-0FFB-48EE-B7C1-E39C4D9D62C8} = {EEA7686E-74E5-41B8-9E17-3536F6678F77}
		{A0EEF755-4243-4BDC-98C9-0CF55E0F4E20} = {EEA7686E-74E5-41B8-9E17-3536F6678F77}
		{2B3A2B32-652F-442E-A294-7A91A6E81B18} = {EEA7686E-74E5-41B8-9E17-3536F6678F77}
		{998AB5DD-EEBA-47AE-B572-AF62F5073179} = {40AEA9B2-FCE0-422B-9EBF-AAFBB1845C98}
		{6DBC16CF-FB49-4AD2-A12F-10505B3CCAB3} = {40AEA9B2-FCE0-422B-9EBF-AAFBB1845C98}
		{A33DB3F5-323D-4505-8378-D0020A158771} = {40AEA9B2-FCE0-422B-9EBF-AAFBB1845C98}
		{67D788A9-3A0B-424E-B48C-5EC1E9DD9960} = {40AEA9B2-FCE0-422B-9EBF-AAFBB1845C98}
		{C30A1C72-89DF-4FDB-BF2D-5005EB1A7A9E} = {40AEA9B2-FCE0-422B-9EBF-AAFBB1845C98}
		{D36CA688-6631-45BF-A7AA-C0F886A0D483} = {40AEA9B2-FCE0-422B-9EBF-AAFBB1845C98}
		{3F1FD1CD-610B-4D93-979C-8534E231B74E} = {40AEA9B2-FCE0-422B-9EBF-AAFBB1845C98}
		{A36F7FE4-F74A-4F8D-9765-A5C374B15449} = {3AD819E3-6891-4719-8D7D-F4B430D8DF04}
		{45D330D0-F520-4D23-BF89-1D2EFDFDC978} = {A36F7FE4-F74A-4F8D-9765-A5C374B15449}
		{0435475A-55F7-4D26-BCEE-15E699F9D304} = {A36F7FE4-F74A-4F8D-9765-A5C374B15449}
		{30660DD1-A15D-4B78-84DC-7C23D5DCB004} = {02EA681E-C7D8-13C7-8484-4AC65E1B71E8}
		{A308A8D3-FD38-4C20-AFE3-5A44F44265F6} = {30660DD1-A15D-4B78-84DC-7C23D5DCB004}
		{AE8107FC-1586-49C0-8A02-716BBC9B9D7E} = {30660DD1-A15D-4B78-84DC-7C23D5DCB004}
		{49450FF8-D92E-4ACC-93F1-E49B3BAEEF61} = {30660DD1-A15D-4B78-84DC-7C23D5DCB004}
		{BA5651A9-933F-45AD-9BCB-7CEFE4063A25} = {30660DD1-A15D-4B78-84DC-7C23D5DCB004}
	EndGlobalSection
	GlobalSection(ExtensibilityGlobals) = postSolution
		SolutionGuid = {1F9D327F-9230-4EE9-ADB2-278BD5BAF08B}
	EndGlobalSection
EndGlobal
